
Microsoft Visual Studio Solution File, Format Version 12.00
# Visual Studio 15
VisualStudioVersion = 15.0.26228.4
MinimumVisualStudioVersion = 10.0.40219.1
Project("{FAE04EC0-301F-11D3-BF4B-00C04F79EFBC}") = "ESPTool", "ESPTool\ESPTool.csproj", "{F586063A-F0F4-4F7A-8856-43F0976BF09D}"
EndProject
Global
	GlobalSection(SolutionConfigurationPlatforms) = preSolution
		Debug|Any CPU = Debug|Any CPU
		Release|Any CPU = Release|Any CPU
	EndGlobalSection
	GlobalSection(ProjectConfigurationPlatforms) = postSolution
		{F586063A-F0F4-4F7A-8856-43F0976BF09D}.Debug|Any CPU.ActiveCfg = Debug|Any CPU
		{F586063A-F0F4-4F7A-8856-43F0976BF09D}.Debug|Any CPU.Build.0 = Debug|Any CPU
		{F586063A-F0F4-4F7A-8856-43F0976BF09D}.Release|Any CPU.ActiveCfg = Release|Any CPU
		{F586063A-F0F4-4F7A-8856-43F0976BF09D}.Release|Any CPU.Build.0 = Release|Any CPU
	EndGlobalSection
	GlobalSection(SolutionProperties) = preSolution
		HideSolutionNode = FALSE
	EndGlobalSection
EndGlobal
